// !$*UTF8*$!
{
	archiveVersion = 1;
	classes = {
	};
	objectVersion = 56;
	objects = {

/* Begin PBXBuildFile section */
		14B97D072A189F2F00AA2F93 /* AppDelegate.swift in Sources */ = {isa = PBXBuildFile; fileRef = 14B97D062A189F2F00AA2F93 /* AppDelegate.swift */; };
		14B97D092A189F2F00AA2F93 /* SceneDelegate.swift in Sources */ = {isa = PBXBuildFile; fileRef = 14B97D082A189F2F00AA2F93 /* SceneDelegate.swift */; };
		14B97D0B2A189F2F00AA2F93 /* ViewController.swift in Sources */ = {isa = PBXBuildFile; fileRef = 14B97D0A2A189F2F00AA2F93 /* ViewController.swift */; };
		14B97D0E2A189F2F00AA2F93 /* Main.storyboard in Resources */ = {isa = PBXBuildFile; fileRef = 14B97D0C2A189F2F00AA2F93 /* Main.storyboard */; };
		14B97D102A189F3000AA2F93 /* Assets.xcassets in Resources */ = {isa = PBXBuildFile; fileRef = 14B97D0F2A189F3000AA2F93 /* Assets.xcassets */; };
		14B97D132A189F3000AA2F93 /* LaunchScreen.storyboard in Resources */ = {isa = PBXBuildFile; fileRef = 14B97D112A189F3000AA2F93 /* LaunchScreen.storyboard */; };
		14B97D1F2A18A3BF00AA2F93 /* ListTableViewCell.swift in Sources */ = {isa = PBXBuildFile; fileRef = 14B97D1D2A18A3BF00AA2F93 /* ListTableViewCell.swift */; };
		14B97D202A18A3BF00AA2F93 /* ListTableViewCell.xib in Resources */ = {isa = PBXBuildFile; fileRef = 14B97D1E2A18A3BF00AA2F93 /* ListTableViewCell.xib */; };
		14B97D222A18A77A00AA2F93 /* ListViewModel.swift in Sources */ = {isa = PBXBuildFile; fileRef = 14B97D212A18A77A00AA2F93 /* ListViewModel.swift */; };
		14B97D242A18AA2300AA2F93 /* ListModel.swift in Sources */ = {isa = PBXBuildFile; fileRef = 14B97D232A18AA2300AA2F93 /* ListModel.swift */; };
/* End PBXBuildFile section */

/* Begin PBXFileReference section */
		14B97D032A189F2F00AA2F93 /* Task.app */ = {isa = PBXFileReference; explicitFileType = wrapper.application; includeInIndex = 0; path = Task.app; sourceTree = BUILT_PRODUCTS_DIR; };
		14B97D062A189F2F00AA2F93 /* AppDelegate.swift */ = {isa = PBXFileReference; lastKnownFileType = sourcecode.swift; path = AppDelegate.swift; sourceTree = "<group>"; };
		14B97D082A189F2F00AA2F93 /* SceneDelegate.swift */ = {isa = PBXFileReference; lastKnownFileType = sourcecode.swift; path = SceneDelegate.swift; sourceTree = "<group>"; };
		14B97D0A2A189F2F00AA2F93 /* ViewController.swift */ = {isa = PBXFileReference; lastKnownFileType = sourcecode.swift; path = ViewController.swift; sourceTree = "<group>"; };
		14B97D0D2A189F2F00AA2F93 /* Base */ = {isa = PBXFileReference; lastKnownFileType = file.storyboard; name = Base; path = Base.lproj/Main.storyboard; sourceTree = "<group>"; };
		14B97D0F2A189F3000AA2F93 /* Assets.xcassets */ = {isa = PBXFileReference; lastKnownFileType = folder.assetcatalog; path = Assets.xcassets; sourceTree = "<group>"; };
		14B97D122A189F3000AA2F93 /* Base */ = {isa = PBXFileReference; lastKnownFileType = file.storyboard; name = Base; path = Base.lproj/LaunchScreen.storyboard; sourceTree = "<group>"; };
		14B97D142A189F3000AA2F93 /* Info.plist */ = {isa = PBXFileReference; lastKnownFileType = text.plist.xml; path = Info.plist; sourceTree = "<group>"; };
		14B97D1D2A18A3BF00AA2F93 /* ListTableViewCell.swift */ = {isa = PBXFileReference; lastKnownFileType = sourcecode.swift; path = ListTableViewCell.swift; sourceTree = "<group>"; };
		14B97D1E2A18A3BF00AA2F93 /* ListTableViewCell.xib */ = {isa = PBXFileReference; lastKnownFileType = file.xib; path = ListTableViewCell.xib; sourceTree = "<group>"; };
		14B97D212A18A77A00AA2F93 /* ListViewModel.swift */ = {isa = PBXFileReference; lastKnownFileType = sourcecode.swift; path = ListViewModel.swift; sourceTree = "<group>"; };
		14B97D232A18AA2300AA2F93 /* ListModel.swift */ = {isa = PBXFileReference; lastKnownFileType = sourcecode.swift; path = ListModel.swift; sourceTree = "<group>"; };
/* End PBXFileReference section */

/* Begin PBXFrameworksBuildPhase section */
		14B97D002A189F2F00AA2F93 /* Frameworks */ = {
			isa = PBXFrameworksBuildPhase;
			buildActionMask = 2147483647;
			files = (
			);
			runOnlyForDeploymentPostprocessing = 0;
		};
/* End PBXFrameworksBuildPhase section */

/* Begin PBXGroup section */
		14B97CFA2A189F2F00AA2F93 = {
			isa = PBXGroup;
			children = (
				14B97D052A189F2F00AA2F93 /* Task */,
				14B97D042A189F2F00AA2F93 /* Products */,
			);
			sourceTree = "<group>";
		};
		14B97D042A189F2F00AA2F93 /* Products */ = {
			isa = PBXGroup;
			children = (
				14B97D032A189F2F00AA2F93 /* Task.app */,
			);
			name = Products;
			sourceTree = "<group>";
		};
		14B97D052A189F2F00AA2F93 /* Task */ = {
			isa = PBXGroup;
			children = (
				14B97D1A2A189F3800AA2F93 /* View */,
				14B97D1B2A189F3E00AA2F93 /* Model */,
				14B97D1C2A189F4800AA2F93 /* ViewModel */,
				14B97D062A189F2F00AA2F93 /* AppDelegate.swift */,
				14B97D082A189F2F00AA2F93 /* SceneDelegate.swift */,
				14B97D0C2A189F2F00AA2F93 /* Main.storyboard */,
				14B97D0F2A189F3000AA2F93 /* Assets.xcassets */,
				14B97D112A189F3000AA2F93 /* LaunchScreen.storyboard */,
				14B97D142A189F3000AA2F93 /* Info.plist */,
			);
			path = Task;
			sourceTree = "<group>";
		};
		14B97D1A2A189F3800AA2F93 /* View */ = {
			isa = PBXGroup;
			children = (
				14B97D0A2A189F2F00AA2F93 /* ViewController.swift */,
				14B97D1D2A18A3BF00AA2F93 /* ListTableViewCell.swift */,
				14B97D1E2A18A3BF00AA2F93 /* ListTableViewCell.xib */,
			);
			path = View;
			sourceTree = "<group>";
		};
		14B97D1B2A189F3E00AA2F93 /* Model */ = {
			isa = PBXGroup;
			children = (
				14B97D232A18AA2300AA2F93 /* ListModel.swift */,
			);
			path = Model;
			sourceTree = "<group>";
		};
		14B97D1C2A189F4800AA2F93 /* ViewModel */ = {
			isa = PBXGroup;
			children = (
				14B97D212A18A77A00AA2F93 /* ListViewModel.swift */,
			);
			path = ViewModel;
			sourceTree = "<group>";
		};
/* End PBXGroup section */

/* Begin PBXNativeTarget section */
		14B97D022A189F2F00AA2F93 /* Task */ = {
			isa = PBXNativeTarget;
			buildConfigurationList = 14B97D172A189F3000AA2F93 /* Build configuration list for PBXNativeTarget "Task" */;
			buildPhases = (
				14B97CFF2A189F2F00AA2F93 /* Sources */,
				14B97D002A189F2F00AA2F93 /* Frameworks */,
				14B97D012A189F2F00AA2F93 /* Resources */,
			);
			buildRules = (
			);
			dependencies = (
			);
			name = Task;
			productName = Task;
			productReference = 14B97D032A189F2F00AA2F93 /* Task.app */;
			productType = "com.apple.product-type.application";
		};
/* End PBXNativeTarget section */

/* Begin PBXProject section */
		14B97CFB2A189F2F00AA2F93 /* Project object */ = {
			isa = PBXProject;
			attributes = {
				BuildIndependentTargetsInParallel = 1;
				LastSwiftUpdateCheck = 1430;
				LastUpgradeCheck = 1430;
				TargetAttributes = {
					14B97D022A189F2F00AA2F93 = {
						CreatedOnToolsVersion = 14.3;
					};
				};
			};
			buildConfigurationList = 14B97CFE2A189F2F00AA2F93 /* Build configuration list for PBXProject "Task" */;
			compatibilityVersion = "Xcode 14.0";
			developmentRegion = en;
			hasScannedForEncodings = 0;
			knownRegions = (
				en,
				Base,
			);
			mainGroup = 14B97CFA2A189F2F00AA2F93;
			productRefGroup = 14B97D042A189F2F00AA2F93 /* Products */;
			projectDirPath = "";
			projectRoot = "";
			targets = (
				14B97D022A189F2F00AA2F93 /* Task */,
			);
		};
/* End PBXProject section */

/* Begin PBXResourcesBuildPhase section */
		14B97D012A189F2F00AA2F93 /* Resources */ = {
			isa = PBXResourcesBuildPhase;
			buildActionMask = 2147483647;
			files = (
				14B97D132A189F3000AA2F93 /* LaunchScreen.storyboard in Resources */,
				14B97D202A18A3BF00AA2F93 /* ListTableViewCell.xib in Resources */,
				14B97D102A189F3000AA2F93 /* Assets.xcassets in Resources */,
				14B97D0E2A189F2F00AA2F93 /* Main.storyboard in Resources */,
			);
			runOnlyForDeploymentPostprocessing = 0;
		};
/* End PBXResourcesBuildPhase section */

/* Begin PBXSourcesBuildPhase section */
		14B97CFF2A189F2F00AA2F93 /* Sources */ = {
			isa = PBXSourcesBuildPhase;
			buildActionMask = 2147483647;
			files = (
				14B97D222A18A77A00AA2F93 /* ListViewModel.swift in Sources */,
				14B97D0B2A189F2F00AA2F93 /* ViewController.swift in Sources */,
				14B97D1F2A18A3BF00AA2F93 /* ListTableViewCell.swift in Sources */,
				14B97D242A18AA2300AA2F93 /* ListModel.swift in Sources */,
				14B97D072A189F2F00AA2F93 /* AppDelegate.swift in Sources */,
				14B97D092A189F2F00AA2F93 /* SceneDelegate.swift in Sources */,
			);
			runOnlyForDeploymentPostprocessing = 0;
		};
/* End PBXSourcesBuildPhase section */

/* Begin PBXVariantGroup section */
		14B97D0C2A189F2F00AA2F93 /* Main.storyboard */ = {
			isa = PBXVariantGroup;
			children = (
				14B97D0D2A189F2F00AA2F93 /* Base */,
			);
			name = Main.storyboard;
			sourceTree = "<group>";
		};
		14B97D112A189F3000AA2F93 /* LaunchScreen.storyboard */ = {
			isa = PBXVariantGroup;
			children = (
				14B97D122A189F3000AA2F93 /* Base */,
			);
			name = LaunchScreen.storyboard;
			sourceTree = "<group>";
		};
/* End PBXVariantGroup section */

/* Begin XCBuildConfiguration section */
		14B97D152A189F3000AA2F93 /* Debug */ = {
			isa = XCBuildConfiguration;
			buildSettings = {
				ALWAYS_SEARCH_USER_PATHS = NO;
				CLANG_ANALYZER_NONNULL = YES;
				CLANG_ANALYZER_NUMBER_OBJECT_CONVERSION = YES_AGGRESSIVE;
				CLANG_CXX_LANGUAGE_STANDARD = "gnu++20";
				CLANG_ENABLE_MODULES = YES;
				CLANG_ENABLE_OBJC_ARC = YES;
				CLANG_ENABLE_OBJC_WEAK = YES;
				CLANG_WARN_BLOCK_CAPTURE_AUTORELEASING = YES;
				CLANG_WARN_BOOL_CONVERSION = YES;
				CLANG_WARN_COMMA = YES;
				CLANG_WARN_CONSTANT_CONVERSION = YES;
				CLANG_WARN_DEPRECATED_OBJC_IMPLEMENTATIONS = YES;
				CLANG_WARN_DIRECT_OBJC_ISA_USAGE = YES_ERROR;
				CLANG_WARN_DOCUMENTATION_COMMENTS = YES;
				CLANG_WARN_EMPTY_BODY = YES;
				CLANG_WARN_ENUM_CONVERSION = YES;
				CLANG_WARN_INFINITE_RECURSION = YES;
				CLANG_WARN_INT_CONVERSION = YES;
				CLANG_WARN_NON_LITERAL_NULL_CONVERSION = YES;
				CLANG_WARN_OBJC_IMPLICIT_RETAIN_SELF = YES;
				CLANG_WARN_OBJC_LITERAL_CONVERSION = YES;
				CLANG_WARN_OBJC_ROOT_CLASS = YES_ERROR;
				CLANG_WARN_QUOTED_INCLUDE_IN_FRAMEWORK_HEADER = YES;
				CLANG_WARN_RANGE_LOOP_ANALYSIS = YES;
				CLANG_WARN_STRICT_PROTOTYPES = YES;
				CLANG_WARN_SUSPICIOUS_MOVE = YES;
				CLANG_WARN_UNGUARDED_AVAILABILITY = YES_AGGRESSIVE;
				CLANG_WARN_UNREACHABLE_CODE = YES;
				CLANG_WARN__DUPLICATE_METHOD_MATCH = YES;
				COPY_PHASE_STRIP = NO;
				DEBUG_INFORMATION_FORMAT = dwarf;
				ENABLE_STRICT_OBJC_MSGSEND = YES;
				ENABLE_TESTABILITY = YES;
				GCC_C_LANGUAGE_STANDARD = gnu11;
				GCC_DYNAMIC_NO_PIC = NO;
				GCC_NO_COMMON_BLOCKS = YES;
				GCC_OPTIMIZATION_LEVEL = 0;
				GCC_PREPROCESSOR_DEFINITIONS = (
					"DEBUG=1",
					"$(inherited)",
				);
				GCC_WARN_64_TO_32_BIT_CONVERSION = YES;
				GCC_WARN_ABOUT_RETURN_TYPE = YES_ERROR;
				GCC_WARN_UNDECLARED_SELECTOR = YES;
				GCC_WARN_UNINITIALIZED_AUTOS = YES_AGGRESSIVE;
				GCC_WARN_UNUSED_FUNCTION = YES;
				GCC_WARN_UNUSED_VARIABLE = YES;
				IPHONEOS_DEPLOYMENT_TARGET = 16.4;
				MTL_ENABLE_DEBUG_INFO = INCLUDE_SOURCE;
				MTL_FAST_MATH = YES;
				ONLY_ACTIVE_ARCH = YES;
				SDKROOT = iphoneos;
				SWIFT_ACTIVE_COMPILATION_CONDITIONS = DEBUG;
				SWIFT_OPTIMIZATION_LEVEL = "-Onone";
			};
			name = Debug;
		};
		14B97D162A189F3000AA2F93 /* Release */ = {
			isa = XCBuildConfiguration;
			buildSettings = {
				ALWAYS_SEARCH_USER_PATHS = NO;
				CLANG_ANALYZER_NONNULL = YES;
				CLANG_ANALYZER_NUMBER_OBJECT_CONVERSION = YES_AGGRESSIVE;
				CLANG_CXX_LANGUAGE_STANDARD = "gnu++20";
				CLANG_ENABLE_MODULES = YES;
				CLANG_ENABLE_OBJC_ARC = YES;
				CLANG_ENABLE_OBJC_WEAK = YES;
				CLANG_WARN_BLOCK_CAPTURE_AUTORELEASING = YES;
				CLANG_WARN_BOOL_CONVERSION = YES;
				CLANG_WARN_COMMA = YES;
				CLANG_WARN_CONSTANT_CONVERSION = YES;
				CLANG_WARN_DEPRECATED_OBJC_IMPLEMENTATIONS = YES;
				CLANG_WARN_DIRECT_OBJC_ISA_USAGE = YES_ERROR;
				CLANG_WARN_DOCUMENTATION_COMMENTS = YES;
				CLANG_WARN_EMPTY_BODY = YES;
				CLANG_WARN_ENUM_CONVERSION = YES;
				CLANG_WARN_INFINITE_RECURSION = YES;
				CLANG_WARN_INT_CONVERSION = YES;
				CLANG_WARN_NON_LITERAL_NULL_CONVERSION = YES;
				CLANG_WARN_OBJC_IMPLICIT_RETAIN_SELF = YES;
				CLANG_WARN_OBJC_LITERAL_CONVERSION = YES;
				CLANG_WARN_OBJC_ROOT_CLASS = YES_ERROR;
				CLANG_WARN_QUOTED_INCLUDE_IN_FRAMEWORK_HEADER = YES;
				CLANG_WARN_RANGE_LOOP_ANALYSIS = YES;
				CLANG_WARN_STRICT_PROTOTYPES = YES;
				CLANG_WARN_SUSPICIOUS_MOVE = YES;
				CLANG_WARN_UNGUARDED_AVAILABILITY = YES_AGGRESSIVE;
				CLANG_WARN_UNREACHABLE_CODE = YES;
				CLANG_WARN__DUPLICATE_METHOD_MATCH = YES;
				COPY_PHASE_STRIP = NO;
				DEBUG_INFORMATION_FORMAT = "dwarf-with-dsym";
				ENABLE_NS_ASSERTIONS = NO;
				ENABLE_STRICT_OBJC_MSGSEND = YES;
				GCC_C_LANGUAGE_STANDARD = gnu11;
				GCC_NO_COMMON_BLOCKS = YES;
				GCC_WARN_64_TO_32_BIT_CONVERSION = YES;
				GCC_WARN_ABOUT_RETURN_TYPE = YES_ERROR;
				GCC_WARN_UNDECLARED_SELECTOR = YES;
				GCC_WARN_UNINITIALIZED_AUTOS = YES_AGGRESSIVE;
				GCC_WARN_UNUSED_FUNCTION = YES;
				GCC_WARN_UNUSED_VARIABLE = YES;
				IPHONEOS_DEPLOYMENT_TARGET = 16.4;
				MTL_ENABLE_DEBUG_INFO = NO;
				MTL_FAST_MATH = YES;
				SDKROOT = iphoneos;
				SWIFT_COMPILATION_MODE = wholemodule;
				SWIFT_OPTIMIZATION_LEVEL = "-O";
				VALIDATE_PRODUCT = YES;
			};
			name = Release;
		};
		14B97D182A189F3000AA2F93 /* Debug */ = {
			isa = XCBuildConfiguration;
			buildSettings = {
				ASSETCATALOG_COMPILER_APPICON_NAME = AppIcon;
				ASSETCATALOG_COMPILER_GLOBAL_ACCENT_COLOR_NAME = AccentColor;
				CODE_SIGN_STYLE = Automatic;
				CURRENT_PROJECT_VERSION = 1;
				GENERATE_INFOPLIST_FILE = YES;
				INFOPLIST_FILE = Task/Info.plist;
				INFOPLIST_KEY_UIApplicationSupportsIndirectInputEvents = YES;
				INFOPLIST_KEY_UILaunchStoryboardName = LaunchScreen;
				INFOPLIST_KEY_UIMainStoryboardFile = Main;
				INFOPLIST_KEY_UISupportedInterfaceOrientations_iPad = "UIInterfaceOrientationPortrait UIInterfaceOrientationPortraitUpsideDown UIInterfaceOrientationLandscapeLeft UIInterfaceOrientationLandscapeRight";
				INFOPLIST_KEY_UISupportedInterfaceOrientations_iPhone = "UIInterfaceOrientationPortrait UIInterfaceOrientationLandscapeLeft UIInterfaceOrientationLandscapeRight";
				IPHONEOS_DEPLOYMENT_TARGET = 16.0;
				LD_RUNPATH_SEARCH_PATHS = (
					"$(inherited)",
					"@executable_path/Frameworks",
				);
				MARKETING_VERSION = 1.0;
				PRODUCT_BUNDLE_IDENTIFIER = com.Task;
				PRODUCT_NAME = "$(TARGET_NAME)";
				SWIFT_EMIT_LOC_STRINGS = YES;
				SWIFT_VERSION = 5.0;
				TARGETED_DEVICE_FAMILY = "1,2";
			};
			name = Debug;
		};
		14B97D192A189F3000AA2F93 /* Release */ = {
			isa = XCBuildConfiguration;
			buildSettings = {
				ASSETCATALOG_COMPILER_APPICON_NAME = AppIcon;
				ASSETCATALOG_COMPILER_GLOBAL_ACCENT_COLOR_NAME = AccentColor;
				CODE_SIGN_STYLE = Automatic;
				CURRENT_PROJECT_VERSION = 1;
				GENERATE_INFOPLIST_FILE = YES;
				INFOPLIST_FILE = Task/Info.plist;
				INFOPLIST_KEY_UIApplicationSupportsIndirectInputEvents = YES;
				INFOPLIST_KEY_UILaunchStoryboardName = LaunchScreen;
				INFOPLIST_KEY_UIMainStoryboardFile = Main;
				INFOPLIST_KEY_UISupportedInterfaceOrientations_iPad = "UIInterfaceOrientationPortrait UIInterfaceOrientationPortraitUpsideDown UIInterfaceOrientationLandscapeLeft UIInterfaceOrientationLandscapeRight";
				INFOPLIST_KEY_UISupportedInterfaceOrientations_iPhone = "UIInterfaceOrientationPortrait UIInterfaceOrientationLandscapeLeft UIInterfaceOrientationLandscapeRight";
				IPHONEOS_DEPLOYMENT_TARGET = 16.0;
				LD_RUNPATH_SEARCH_PATHS = (
					"$(inherited)",
					"@executable_path/Frameworks",
				);
				MARKETING_VERSION = 1.0;
				PRODUCT_BUNDLE_IDENTIFIER = com.Task;
				PRODUCT_NAME = "$(TARGET_NAME)";
				SWIFT_EMIT_LOC_STRINGS = YES;
				SWIFT_VERSION = 5.0;
				TARGETED_DEVICE_FAMILY = "1,2";
			};
			name = Release;
		};
/* End XCBuildConfiguration section */

/* Begin XCConfigurationList section */
		14B97CFE2A189F2F00AA2F93 /* Build configuration list for PBXProject "Task" */ = {
			isa = XCConfigurationList;
			buildConfigurations = (
				14B97D152A189F3000AA2F93 /* Debug */,
				14B97D162A189F3000AA2F93 /* Release */,
			);
			defaultConfigurationIsVisible = 0;
			defaultConfigurationName = Release;
		};
		14B97D172A189F3000AA2F93 /* Build configuration list for PBXNativeTarget "Task" */ = {
			isa = XCConfigurationList;
			buildConfigurations = (
				14B97D182A189F3000AA2F93 /* Debug */,
				14B97D192A189F3000AA2F93 /* Release */,
			);
			defaultConfigurationIsVisible = 0;
			defaultConfigurationName = Release;
		};
/* End XCConfigurationList section */
	};
	rootObject = 14B97CFB2A189F2F00AA2F93 /* Project object */;
}
